{
  "version": "3",
  "remote": {
    "https://6494585a67d46e0008867e60--edge.netlify.com/bootstrap/account.ts": "db03119ab77f583fe3085958b3739043713f84454adba665666b7d437531dab4",
    "https://6494585a67d46e0008867e60--edge.netlify.com/bootstrap/bypass.ts": "225c35410fbe6f445f53d30e929f39a3547e8792d1147f5c016aa0068aba0b45",
    "https://6494585a67d46e0008867e60--edge.netlify.com/bootstrap/cache.ts": "b8cbe411e9cac6529a11bce57fa1693aea14c1c614d977e23641efba8976dc66",
    "https://6494585a67d46e0008867e60--edge.netlify.com/bootstrap/context.ts": "6c22a14dcdaecbe1f6b0e2b2ceb47767841b8c75d0d17698bddcd0665db44db8",
    "https://6494585a67d46e0008867e60--edge.netlify.com/bootstrap/cookie.ts": "fa4756ae48228373107f789b18b7db5244d9e6a1bcb5abf4487f0a838aae1c44",
    "https://6494585a67d46e0008867e60--edge.netlify.com/bootstrap/cookie_store.ts": "f6a78aa6f278dcdaaa8378877f3a4e48440dc7f3d7078e764643e95394a9ecd8",
    "https://6494585a67d46e0008867e60--edge.netlify.com/bootstrap/deno-fs.ts": "ccd0a9335de14e01d77e8937e2320c99a110f5f2a473b80126750e3884ef952a",
    "https://6494585a67d46e0008867e60--edge.netlify.com/bootstrap/edge_function.ts": "b8253e86aa83c67341f5cfedeba5049d77fbf84dcab7eceff7566b7728ae9b39",
    "https://6494585a67d46e0008867e60--edge.netlify.com/bootstrap/environment.ts": "310fda1b6341d50ba1b7838acd3acdcc883a6c59e30783fa486fa03fa512cd3f",
    "https://6494585a67d46e0008867e60--edge.netlify.com/bootstrap/feature_flags.ts": "9d6fc14f2ee1eac994c269ba77f657ab0a8ea58e91e4fec99935561a0ae61c78",
    "https://6494585a67d46e0008867e60--edge.netlify.com/bootstrap/function_chain.ts": "2531c205ff9d9d4164fcdf4f32042a0720af4480b0d19d56d645984888895628",
    "https://6494585a67d46e0008867e60--edge.netlify.com/bootstrap/geo.ts": "aa52dbe3bd74ae7568e20772700568751f812aa8ca2af728db7462a1d67c2d76",
    "https://6494585a67d46e0008867e60--edge.netlify.com/bootstrap/globals.ts": "910b0b6e201acbe8a0865421fed867180b46a9741dc97d31d717275166b8d5b0",
    "https://6494585a67d46e0008867e60--edge.netlify.com/bootstrap/handler.ts": "607b3950f2ab28a297f586d97b60fa30b0f09111cc4864b94f44c24c9428a8fd",
    "https://6494585a67d46e0008867e60--edge.netlify.com/bootstrap/headers.ts": "426da8bdc958aae330d0b1e20f4a9118ee3a28aef3a08ab3269dbfaa4268ae2a",
    "https://6494585a67d46e0008867e60--edge.netlify.com/bootstrap/index-combined.ts": "60775ef4b8e29a3d4de2dc69362fe2cb37f303a6a79696127a6605e3a9fc5de9",
    "https://6494585a67d46e0008867e60--edge.netlify.com/bootstrap/invocation_metadata.ts": "89bd2194d16bfaceeba9e110e29fcb99917cbb12592d6081f60a297d65a0d5d2",
    "https://6494585a67d46e0008867e60--edge.netlify.com/bootstrap/log/instrumented_log.ts": "c16f4e5826210bc28c92ae6f2e46a4275338cbfae41ed4266bfd1e8dca0a884a",
    "https://6494585a67d46e0008867e60--edge.netlify.com/bootstrap/log/logger.ts": "618a2bb3fe1a15658ea95a98e06d31f10afb0d1af86357b9fa52f9311fca9d81",
    "https://6494585a67d46e0008867e60--edge.netlify.com/bootstrap/log/types.ts": "be534c9e56a358189415e7c447e093daa4293e89c05a210ab20a1218802ac4f9",
    "https://6494585a67d46e0008867e60--edge.netlify.com/bootstrap/request.ts": "863d3cfd62c6cf9792b74bb49c537662c52ad1d5149fbe3e08e4ae7a9d866514",
    "https://6494585a67d46e0008867e60--edge.netlify.com/bootstrap/request_store.ts": "9270fb6d8fb25fb00af79a1406a52084f09d42aa5f8957377d8fecb1bc3b2f99",
    "https://6494585a67d46e0008867e60--edge.netlify.com/bootstrap/response.ts": "17109f23fd7e2cc824d83119c68cc3840f572efaf2625a2b969f6688510083fe",
    "https://6494585a67d46e0008867e60--edge.netlify.com/bootstrap/retry.ts": "f296ce40940395e9cceb45e7e6df2852cfdd04d560d63b66e0d448550b583f77",
    "https://6494585a67d46e0008867e60--edge.netlify.com/bootstrap/router.ts": "e8dd576ece5df6c363e2ad6a82b28546ee3a5787150ea2c0f98668a7e1916c4a",
    "https://6494585a67d46e0008867e60--edge.netlify.com/bootstrap/server.ts": "8b11984bb87a6a414f785a2ef54cc0df41a04bb77c4bc4c8593c7a00a666d9fe",
    "https://6494585a67d46e0008867e60--edge.netlify.com/bootstrap/site.ts": "92469673f289c124a9985c7027dc6c166364371b209b5a674aa05d482ad5583b",
    "https://6494585a67d46e0008867e60--edge.netlify.com/bootstrap/stage_2.ts": "9504d8124ec1284a84cb2537b0d04540ee59846aa902d868436057ac5b671307",
    "https://6494585a67d46e0008867e60--edge.netlify.com/bootstrap/util/errors.ts": "e844f57dbb383a04c76523f1b2e30d8b99f8f7afb843a4b936e8d4d2a8a2d990",
    "https://6494585a67d46e0008867e60--edge.netlify.com/bootstrap/util/execution_context.ts": "80d560a41b2fc470a8496375030065f05f4cf2bfac5ab9f7f972e9e61c2a00a1",
    "https://6494585a67d46e0008867e60--edge.netlify.com/bootstrap/util/named_wrapper.ts": "a2b16dc9a8e8fb07509b5cfe29203eebd5bfaafe7589669bae544c8d4d606934",
    "https://6494585a67d46e0008867e60--edge.netlify.com/bootstrap/util/patch_globals.ts": "230c15fd14d53cbde3ea32cb4064ad2e339d0c93173f8e987985b10a4c21770a",
    "https://6494585a67d46e0008867e60--edge.netlify.com/bootstrap/util/redirect.ts": "44e8579752b8e386fa0c482215b090910a13c1fcab2e302a260fb7eb5cac8b8a",
    "https://6494585a67d46e0008867e60--edge.netlify.com/bootstrap/util/stack_tracer.ts": "b8eea4305ed2a38a200c95ffd354d3090a4ea225f8e648f54101ee96f8ba6157",
    "https://deno.land/std@0.170.0/_util/asserts.ts": "d0844e9b62510f89ce1f9878b046f6a57bf88f208a10304aab50efcb48365272",
    "https://deno.land/std@0.170.0/async/abortable.ts": "80b2ac399f142cc528f95a037a7d0e653296352d95c681e284533765961de409",
    "https://deno.land/std@0.170.0/async/deadline.ts": "2c2deb53c7c28ca1dda7a3ad81e70508b1ebc25db52559de6b8636c9278fd41f",
    "https://deno.land/std@0.170.0/async/debounce.ts": "60301ffb37e730cd2d6f9dadfd0ecb2a38857681bd7aaf6b0a106b06e5210a98",
    "https://deno.land/std@0.170.0/async/deferred.ts": "77d3f84255c3627f1cc88699d8472b664d7635990d5358c4351623e098e917d6",
    "https://deno.land/std@0.170.0/async/delay.ts": "5a9bfba8de38840308a7a33786a0155a7f6c1f7a859558ddcec5fe06e16daf57",
    "https://deno.land/std@0.170.0/async/mod.ts": "7809ad4bb223e40f5fdc043e5c7ca04e0e25eed35c32c3c32e28697c553fa6d9",
    "https://deno.land/std@0.170.0/async/mux_async_iterator.ts": "770a0ff26c59f8bbbda6b703a2235f04e379f73238e8d66a087edc68c2a2c35f",
    "https://deno.land/std@0.170.0/async/pool.ts": "6854d8cd675a74c73391c82005cbbe4cc58183bddcd1fbbd7c2bcda42b61cf69",
    "https://deno.land/std@0.170.0/async/retry.ts": "e8e5173623915bbc0ddc537698fa418cf875456c347eda1ed453528645b42e67",
    "https://deno.land/std@0.170.0/async/tee.ts": "3a47cc4e9a940904fd4341f0224907e199121c80b831faa5ec2b054c6d2eff5e",
    "https://deno.land/std@0.170.0/datetime/to_imf.ts": "bdb0704a986a9bb48fba220722b3d4681e4b8c9c162562ee545ef2eb90b6edcd",
    "https://deno.land/std@0.170.0/flags/mod.ts": "4f50ec6383c02684db35de38b3ffb2cd5b9fcfcc0b1147055d1980c49e82521c",
    "https://deno.land/std@0.170.0/http/cookie.ts": "581464551b3d91739f699fbd6a429e6e8701ae252cf295efcda7379e8410d204",
    "https://deno.land/std@0.170.0/http/http_status.ts": "ed24048cc0d06066c944da59b0301da3ae2f990564bb4ad79bb52a09cf8e9b30",
    "https://deno.land/std@0.170.0/http/server.ts": "1b93c76cd415d7b6ad0ae36c17ccb9149b23f4dff018f7d5aa1ab5c36637eb45",
    "https://edge.netlify.com/": "fd941d61d88673d5f28aab283fb86fcc50f08a3bc80ee5470498fcfa88c65cfb",
    "https://edge.netlify.com/bootstrap/config.ts": "19dcaa5c4480175295c4dffc9be11f7c280d9391b851d30409f3e6904c34a161",
    "https://edge.netlify.com/bootstrap/context.ts": "b9b4e7cbb67a9d83cb28e45145ba3dfa6f05ad965587ef7e2fb0896da62dd16e",
    "https://edge.netlify.com/bootstrap/cookie.ts": "8b0baae708989ca183c6f3b4ab3d029e6abcbc2e43f93edeb0ff447b3bbc3a05",
    "https://edge.netlify.com/bootstrap/edge_function.ts": "b8253e86aa83c67341f5cfedeba5049d77fbf84dcab7eceff7566b7728ae9b39",
    "https://edge.netlify.com/bootstrap/globals/types.ts": "eaa6148ded3121d8dee62dd91c86e7fe76601df0f3ca8d7962243a30f4c8935f",
    "https://esm.sh/cache-control-parser@2.0.2": "7f52761fb10a83ec06614522fca5eced4eeb2b843dd4fd09bb9a3bff6bb6702d",
    "https://esm.sh/cache-control-parser@2.0.2/denonext/cache-control-parser.mjs": "c6410e93f34a1bfd210af5ebff05ed54bd3dcd4dd464642e3d212144517178e6",
    "https://v1-6-0--edge-utils.netlify.app/logger/logger.ts": "7b7c87aa3772890be797e0e9ebd9a22b31c9e3105673ffc1844e88aabc5e5c37",
    "https://v1-6-0--edge-utils.netlify.app/logger/mod.ts": "669a5ec2dceede2926b0e1a7471c449a445f957c1deac559e07fb4c2af390ed1"
  },
  "workspace": {
    "packageJson": {
      "dependencies": [
        "npm:@babel/parser@^7.28.0",
        "npm:@babel/types@^7.28.0",
        "npm:@emotion/react@^11.14.0",
        "npm:@emotion/styled@^11.14.0",
        "npm:@eslint/js@^9.25.0",
        "npm:@fortawesome/fontawesome-common-types@^6.7.2",
        "npm:@fortawesome/fontawesome-svg-core@^6.7.2",
        "npm:@fortawesome/free-regular-svg-icons@^6.7.2",
        "npm:@fortawesome/free-solid-svg-icons@^6.7.2",
        "npm:@fortawesome/react-fontawesome@^0.2.2",
        "npm:@mdx-js/loader@^3.1.0",
        "npm:@mdx-js/react@^3.1.0",
        "npm:@mdx-js/rollup@^3.1.0",
        "npm:@mui/icons-material@^7.1.0",
        "npm:@mui/material@^7.1.0",
        "npm:@netlify/functions@^3.1.9",
        "npm:@netlify/node-cookies@^0.1.0",
        "npm:@netlify/serverless-functions-api@^2.1.3",
        "npm:@radix-ui/react-dialog@^1.1.14",
        "npm:@reduxjs/toolkit@^2.8.1",
        "npm:@remirror/pm@^3.0.1",
        "npm:@remirror/react@^3.0.2",
        "npm:@supabase/supabase-js@^2.49.10",
        "npm:@tiptap/extension-bold@^2.24.2",
        "npm:@tiptap/extension-italic@^2.24.2",
        "npm:@tiptap/extension-task-item@^2.24.2",
        "npm:@tiptap/extension-task-list@^2.24.2",
        "npm:@tiptap/extension-underline@^2.24.2",
        "npm:@tiptap/react@^2.24.2",
        "npm:@tiptap/starter-kit@^2.24.2",
        "npm:@types/react-dom@^19.1.2",
        "npm:@types/react-transition-group@^4.4.12",
        "npm:@types/react@^19.1.2",
        "npm:@vitejs/plugin-react@^4.4.1",
        "npm:eslint-plugin-react-hooks@^5.2.0",
        "npm:eslint-plugin-react-refresh@^0.4.19",
        "npm:eslint@^9.25.0",
        "npm:globals@^16.0.0",
        "npm:react-dom@^19.1.0",
        "npm:react-quill@^2.0.0",
        "npm:react-redux@^9.2.0",
        "npm:react-router-dom@^7.6.0",
        "npm:react-transition-group@^4.4.5",
        "npm:react@^19.1.0",
        "npm:remirror@^3.0.2",
        "npm:sass-embedded@^1.88.0",
        "npm:tachyons@^4.12.0",
        "npm:tiptap-markdown@^0.8.10",
        "npm:typescript-eslint@^8.30.1",
        "npm:typescript@latest",
        "npm:vite-plugin-mdx@^3.6.1",
        "npm:vite-tsconfig-paths@^5.1.4",
        "npm:vite@^6.3.5"
      ]
    }
  }
}
